// !$*UTF8*$!
{
	archiveVersion = 1;
	classes = {
	};
	objectVersion = 50;
	objects = {

/* Begin PBXBuildFile section */
		3636387224E2CBD500F6B267 /* AppDelegate.swift in Sources */ = {isa = PBXBuildFile; fileRef = 3636387124E2CBD500F6B267 /* AppDelegate.swift */; };
		3636387424E2CBD500F6B267 /* SceneDelegate.swift in Sources */ = {isa = PBXBuildFile; fileRef = 3636387324E2CBD500F6B267 /* SceneDelegate.swift */; };
		3636387624E2CBD500F6B267 /* GoalViewController.swift in Sources */ = {isa = PBXBuildFile; fileRef = 3636387524E2CBD500F6B267 /* GoalViewController.swift */; };
		3636387924E2CBD500F6B267 /* Main.storyboard in Resources */ = {isa = PBXBuildFile; fileRef = 3636387724E2CBD500F6B267 /* Main.storyboard */; };
		3636387C24E2CBD500F6B267 /* Five25Strategy.xcdatamodeld in Sources */ = {isa = PBXBuildFile; fileRef = 3636387A24E2CBD500F6B267 /* Five25Strategy.xcdatamodeld */; };
		3636387E24E2CBD600F6B267 /* Assets.xcassets in Resources */ = {isa = PBXBuildFile; fileRef = 3636387D24E2CBD600F6B267 /* Assets.xcassets */; };
		3636388124E2CBD600F6B267 /* LaunchScreen.storyboard in Resources */ = {isa = PBXBuildFile; fileRef = 3636387F24E2CBD600F6B267 /* LaunchScreen.storyboard */; };
		3636388924E2D19400F6B267 /* WishViewController.swift in Sources */ = {isa = PBXBuildFile; fileRef = 3636388824E2D19400F6B267 /* WishViewController.swift */; };
		3636388B24E2D1AE00F6B267 /* GivingupViewController.swift in Sources */ = {isa = PBXBuildFile; fileRef = 3636388A24E2D1AE00F6B267 /* GivingupViewController.swift */; };
		363638AF24E7A6B300F6B267 /* Goals.swift in Sources */ = {isa = PBXBuildFile; fileRef = 363638AE24E7A6B300F6B267 /* Goals.swift */; };
		363638B124E7AA9F00F6B267 /* Wishes.swift in Sources */ = {isa = PBXBuildFile; fileRef = 363638B024E7AA9F00F6B267 /* Wishes.swift */; };
		363638B324E7AB0D00F6B267 /* Givingups.swift in Sources */ = {isa = PBXBuildFile; fileRef = 363638B224E7AB0D00F6B267 /* Givingups.swift */; };
		363638B524ECEA6600F6B267 /* HelpViewController.swift in Sources */ = {isa = PBXBuildFile; fileRef = 363638B424ECEA6600F6B267 /* HelpViewController.swift */; };
		364EFDC424F6CDB300521B7C /* MoreViewController.swift in Sources */ = {isa = PBXBuildFile; fileRef = 364EFDC324F6CDB300521B7C /* MoreViewController.swift */; };
		36948BFF250389A8009D3A1B /* Localizable.strings in Resources */ = {isa = PBXBuildFile; fileRef = 36948C01250389A8009D3A1B /* Localizable.strings */; };
/* End PBXBuildFile section */

/* Begin PBXFileReference section */
		3636386E24E2CBD500F6B267 /* Five25Strategy.app */ = {isa = PBXFileReference; explicitFileType = wrapper.application; includeInIndex = 0; path = Five25Strategy.app; sourceTree = BUILT_PRODUCTS_DIR; };
		3636387124E2CBD500F6B267 /* AppDelegate.swift */ = {isa = PBXFileReference; lastKnownFileType = sourcecode.swift; path = AppDelegate.swift; sourceTree = "<group>"; };
		3636387324E2CBD500F6B267 /* SceneDelegate.swift */ = {isa = PBXFileReference; lastKnownFileType = sourcecode.swift; path = SceneDelegate.swift; sourceTree = "<group>"; };
		3636387524E2CBD500F6B267 /* GoalViewController.swift */ = {isa = PBXFileReference; lastKnownFileType = sourcecode.swift; path = GoalViewController.swift; sourceTree = "<group>"; };
		3636387824E2CBD500F6B267 /* Base */ = {isa = PBXFileReference; lastKnownFileType = file.storyboard; name = Base; path = Base.lproj/Main.storyboard; sourceTree = "<group>"; };
		3636387B24E2CBD500F6B267 /* FiveTwoFiveRule.xcdatamodel */ = {isa = PBXFileReference; lastKnownFileType = wrapper.xcdatamodel; path = FiveTwoFiveRule.xcdatamodel; sourceTree = "<group>"; };
		3636387D24E2CBD600F6B267 /* Assets.xcassets */ = {isa = PBXFileReference; lastKnownFileType = folder.assetcatalog; path = Assets.xcassets; sourceTree = "<group>"; };
		3636388024E2CBD600F6B267 /* Base */ = {isa = PBXFileReference; lastKnownFileType = file.storyboard; name = Base; path = Base.lproj/LaunchScreen.storyboard; sourceTree = "<group>"; };
		3636388224E2CBD600F6B267 /* Info.plist */ = {isa = PBXFileReference; lastKnownFileType = text.plist.xml; path = Info.plist; sourceTree = "<group>"; };
		3636388824E2D19400F6B267 /* WishViewController.swift */ = {isa = PBXFileReference; lastKnownFileType = sourcecode.swift; path = WishViewController.swift; sourceTree = "<group>"; };
		3636388A24E2D1AE00F6B267 /* GivingupViewController.swift */ = {isa = PBXFileReference; lastKnownFileType = sourcecode.swift; path = GivingupViewController.swift; sourceTree = "<group>"; };
		363638AE24E7A6B300F6B267 /* Goals.swift */ = {isa = PBXFileReference; lastKnownFileType = sourcecode.swift; path = Goals.swift; sourceTree = "<group>"; };
		363638B024E7AA9F00F6B267 /* Wishes.swift */ = {isa = PBXFileReference; lastKnownFileType = sourcecode.swift; path = Wishes.swift; sourceTree = "<group>"; };
		363638B224E7AB0D00F6B267 /* Givingups.swift */ = {isa = PBXFileReference; lastKnownFileType = sourcecode.swift; path = Givingups.swift; sourceTree = "<group>"; };
		363638B424ECEA6600F6B267 /* HelpViewController.swift */ = {isa = PBXFileReference; lastKnownFileType = sourcecode.swift; path = HelpViewController.swift; sourceTree = "<group>"; };
		364EFDC324F6CDB300521B7C /* MoreViewController.swift */ = {isa = PBXFileReference; lastKnownFileType = sourcecode.swift; path = MoreViewController.swift; sourceTree = "<group>"; };
		36948C00250389A8009D3A1B /* en */ = {isa = PBXFileReference; lastKnownFileType = text.plist.strings; name = en; path = en.lproj/Localizable.strings; sourceTree = "<group>"; };
		36948C02250389DD009D3A1B /* ko */ = {isa = PBXFileReference; lastKnownFileType = text.plist.strings; name = ko; path = ko.lproj/Main.strings; sourceTree = "<group>"; };
		36948C03250389DD009D3A1B /* ko */ = {isa = PBXFileReference; lastKnownFileType = text.plist.strings; name = ko; path = ko.lproj/LaunchScreen.strings; sourceTree = "<group>"; };
		36948C04250389DD009D3A1B /* ko */ = {isa = PBXFileReference; lastKnownFileType = text.plist.strings; name = ko; path = ko.lproj/Localizable.strings; sourceTree = "<group>"; };
/* End PBXFileReference section */

/* Begin PBXFrameworksBuildPhase section */
		3636386B24E2CBD500F6B267 /* Frameworks */ = {
			isa = PBXFrameworksBuildPhase;
			buildActionMask = 2147483647;
			files = (
			);
			runOnlyForDeploymentPostprocessing = 0;
		};
/* End PBXFrameworksBuildPhase section */

/* Begin PBXGroup section */
		3636386524E2CBD500F6B267 = {
			isa = PBXGroup;
			children = (
				36948C01250389A8009D3A1B /* Localizable.strings */,
				3636387024E2CBD500F6B267 /* Five25Strategy */,
				3636386F24E2CBD500F6B267 /* Products */,
			);
			sourceTree = "<group>";
		};
		3636386F24E2CBD500F6B267 /* Products */ = {
			isa = PBXGroup;
			children = (
				3636386E24E2CBD500F6B267 /* Five25Strategy.app */,
			);
			name = Products;
			sourceTree = "<group>";
		};
		3636387024E2CBD500F6B267 /* Five25Strategy */ = {
			isa = PBXGroup;
			children = (
				3636389124E79B0600F6B267 /* Singleton */,
				3636388C24E6572A00F6B267 /* Controller */,
				3636387124E2CBD500F6B267 /* AppDelegate.swift */,
				3636387324E2CBD500F6B267 /* SceneDelegate.swift */,
				3636387724E2CBD500F6B267 /* Main.storyboard */,
				3636387D24E2CBD600F6B267 /* Assets.xcassets */,
				3636387F24E2CBD600F6B267 /* LaunchScreen.storyboard */,
				3636388224E2CBD600F6B267 /* Info.plist */,
				3636387A24E2CBD500F6B267 /* Five25Strategy.xcdatamodeld */,
			);
			path = Five25Strategy;
			sourceTree = "<group>";
		};
		3636388C24E6572A00F6B267 /* Controller */ = {
			isa = PBXGroup;
			children = (
				3636387524E2CBD500F6B267 /* GoalViewController.swift */,
				3636388824E2D19400F6B267 /* WishViewController.swift */,
				3636388A24E2D1AE00F6B267 /* GivingupViewController.swift */,
				363638B424ECEA6600F6B267 /* HelpViewController.swift */,
				364EFDC324F6CDB300521B7C /* MoreViewController.swift */,
			);
			path = Controller;
			sourceTree = "<group>";
		};
		3636389124E79B0600F6B267 /* Singleton */ = {
			isa = PBXGroup;
			children = (
				363638AE24E7A6B300F6B267 /* Goals.swift */,
				363638B024E7AA9F00F6B267 /* Wishes.swift */,
				363638B224E7AB0D00F6B267 /* Givingups.swift */,
			);
			path = Singleton;
			sourceTree = "<group>";
		};
/* End PBXGroup section */

/* Begin PBXNativeTarget section */
		3636386D24E2CBD500F6B267 /* Five25Strategy */ = {
			isa = PBXNativeTarget;
			buildConfigurationList = 3636388524E2CBD600F6B267 /* Build configuration list for PBXNativeTarget "Five25Strategy" */;
			buildPhases = (
				3636386A24E2CBD500F6B267 /* Sources */,
				3636386B24E2CBD500F6B267 /* Frameworks */,
				3636386C24E2CBD500F6B267 /* Resources */,
			);
			buildRules = (
			);
			dependencies = (
			);
			name = Five25Strategy;
			productName = FiveTwoFiveRule;
			productReference = 3636386E24E2CBD500F6B267 /* Five25Strategy.app */;
			productType = "com.apple.product-type.application";
		};
/* End PBXNativeTarget section */

/* Begin PBXProject section */
		3636386624E2CBD500F6B267 /* Project object */ = {
			isa = PBXProject;
			attributes = {
				LastSwiftUpdateCheck = 1160;
				LastUpgradeCheck = 1160;
				ORGANIZATIONNAME = SeongMin;
				TargetAttributes = {
					3636386D24E2CBD500F6B267 = {
						CreatedOnToolsVersion = 11.6;
					};
				};
			};
			buildConfigurationList = 3636386924E2CBD500F6B267 /* Build configuration list for PBXProject "Five25Strategy" */;
			compatibilityVersion = "Xcode 9.3";
			developmentRegion = en;
			hasScannedForEncodings = 0;
			knownRegions = (
				en,
				Base,
				ko,
			);
			mainGroup = 3636386524E2CBD500F6B267;
			productRefGroup = 3636386F24E2CBD500F6B267 /* Products */;
			projectDirPath = "";
			projectRoot = "";
			targets = (
				3636386D24E2CBD500F6B267 /* Five25Strategy */,
			);
		};
/* End PBXProject section */

/* Begin PBXResourcesBuildPhase section */
		3636386C24E2CBD500F6B267 /* Resources */ = {
			isa = PBXResourcesBuildPhase;
			buildActionMask = 2147483647;
			files = (
				3636388124E2CBD600F6B267 /* LaunchScreen.storyboard in Resources */,
				36948BFF250389A8009D3A1B /* Localizable.strings in Resources */,
				3636387E24E2CBD600F6B267 /* Assets.xcassets in Resources */,
				3636387924E2CBD500F6B267 /* Main.storyboard in Resources */,
			);
			runOnlyForDeploymentPostprocessing = 0;
		};
/* End PBXResourcesBuildPhase section */

/* Begin PBXSourcesBuildPhase section */
		3636386A24E2CBD500F6B267 /* Sources */ = {
			isa = PBXSourcesBuildPhase;
			buildActionMask = 2147483647;
			files = (
				363638AF24E7A6B300F6B267 /* Goals.swift in Sources */,
				3636387624E2CBD500F6B267 /* GoalViewController.swift in Sources */,
				363638B124E7AA9F00F6B267 /* Wishes.swift in Sources */,
				3636387224E2CBD500F6B267 /* AppDelegate.swift in Sources */,
				364EFDC424F6CDB300521B7C /* MoreViewController.swift in Sources */,
				3636387C24E2CBD500F6B267 /* Five25Strategy.xcdatamodeld in Sources */,
				3636388924E2D19400F6B267 /* WishViewController.swift in Sources */,
				3636387424E2CBD500F6B267 /* SceneDelegate.swift in Sources */,
				3636388B24E2D1AE00F6B267 /* GivingupViewController.swift in Sources */,
				363638B324E7AB0D00F6B267 /* Givingups.swift in Sources */,
				363638B524ECEA6600F6B267 /* HelpViewController.swift in Sources */,
			);
			runOnlyForDeploymentPostprocessing = 0;
		};
/* End PBXSourcesBuildPhase section */

/* Begin PBXVariantGroup section */
		3636387724E2CBD500F6B267 /* Main.storyboard */ = {
			isa = PBXVariantGroup;
			children = (
				3636387824E2CBD500F6B267 /* Base */,
				36948C02250389DD009D3A1B /* ko */,
			);
			name = Main.storyboard;
			sourceTree = "<group>";
		};
		3636387F24E2CBD600F6B267 /* LaunchScreen.storyboard */ = {
			isa = PBXVariantGroup;
			children = (
				3636388024E2CBD600F6B267 /* Base */,
				36948C03250389DD009D3A1B /* ko */,
			);
			name = LaunchScreen.storyboard;
			sourceTree = "<group>";
		};
		36948C01250389A8009D3A1B /* Localizable.strings */ = {
			isa = PBXVariantGroup;
			children = (
				36948C00250389A8009D3A1B /* en */,
				36948C04250389DD009D3A1B /* ko */,
			);
			name = Localizable.strings;
			sourceTree = "<group>";
		};
/* End PBXVariantGroup section */

/* Begin XCBuildConfiguration section */
		3636388324E2CBD600F6B267 /* Debug */ = {
			isa = XCBuildConfiguration;
			buildSettings = {
				ALWAYS_SEARCH_USER_PATHS = NO;
				CLANG_ANALYZER_LOCALIZABILITY_NONLOCALIZED = YES;
				CLANG_ANALYZER_NONNULL = YES;
				CLANG_ANALYZER_NUMBER_OBJECT_CONVERSION = YES_AGGRESSIVE;
				CLANG_CXX_LANGUAGE_STANDARD = "gnu++14";
				CLANG_CXX_LIBRARY = "libc++";
				CLANG_ENABLE_MODULES = YES;
				CLANG_ENABLE_OBJC_ARC = YES;
				CLANG_ENABLE_OBJC_WEAK = YES;
				CLANG_WARN_BLOCK_CAPTURE_AUTORELEASING = YES;
				CLANG_WARN_BOOL_CONVERSION = YES;
				CLANG_WARN_COMMA = YES;
				CLANG_WARN_CONSTANT_CONVERSION = YES;
				CLANG_WARN_DEPRECATED_OBJC_IMPLEMENTATIONS = YES;
				CLANG_WARN_DIRECT_OBJC_ISA_USAGE = YES_ERROR;
				CLANG_WARN_DOCUMENTATION_COMMENTS = YES;
				CLANG_WARN_EMPTY_BODY = YES;
				CLANG_WARN_ENUM_CONVERSION = YES;
				CLANG_WARN_INFINITE_RECURSION = YES;
				CLANG_WARN_INT_CONVERSION = YES;
				CLANG_WARN_NON_LITERAL_NULL_CONVERSION = YES;
				CLANG_WARN_OBJC_IMPLICIT_RETAIN_SELF = YES;
				CLANG_WARN_OBJC_LITERAL_CONVERSION = YES;
				CLANG_WARN_OBJC_ROOT_CLASS = YES_ERROR;
				CLANG_WARN_RANGE_LOOP_ANALYSIS = YES;
				CLANG_WARN_STRICT_PROTOTYPES = YES;
				CLANG_WARN_SUSPICIOUS_MOVE = YES;
				CLANG_WARN_UNGUARDED_AVAILABILITY = YES_AGGRESSIVE;
				CLANG_WARN_UNREACHABLE_CODE = YES;
				CLANG_WARN__DUPLICATE_METHOD_MATCH = YES;
				COPY_PHASE_STRIP = NO;
				DEBUG_INFORMATION_FORMAT = dwarf;
				ENABLE_STRICT_OBJC_MSGSEND = YES;
				ENABLE_TESTABILITY = YES;
				GCC_C_LANGUAGE_STANDARD = gnu11;
				GCC_DYNAMIC_NO_PIC = NO;
				GCC_NO_COMMON_BLOCKS = YES;
				GCC_OPTIMIZATION_LEVEL = 0;
				GCC_PREPROCESSOR_DEFINITIONS = (
					"DEBUG=1",
					"$(inherited)",
				);
				GCC_WARN_64_TO_32_BIT_CONVERSION = YES;
				GCC_WARN_ABOUT_RETURN_TYPE = YES_ERROR;
				GCC_WARN_UNDECLARED_SELECTOR = YES;
				GCC_WARN_UNINITIALIZED_AUTOS = YES_AGGRESSIVE;
				GCC_WARN_UNUSED_FUNCTION = YES;
				GCC_WARN_UNUSED_VARIABLE = YES;
				IPHONEOS_DEPLOYMENT_TARGET = 13.6;
				MTL_ENABLE_DEBUG_INFO = INCLUDE_SOURCE;
				MTL_FAST_MATH = YES;
				ONLY_ACTIVE_ARCH = YES;
				SDKROOT = iphoneos;
				SWIFT_ACTIVE_COMPILATION_CONDITIONS = DEBUG;
				SWIFT_OPTIMIZATION_LEVEL = "-Onone";
			};
			name = Debug;
		};
		3636388424E2CBD600F6B267 /* Release */ = {
			isa = XCBuildConfiguration;
			buildSettings = {
				ALWAYS_SEARCH_USER_PATHS = NO;
				CLANG_ANALYZER_LOCALIZABILITY_NONLOCALIZED = YES;
				CLANG_ANALYZER_NONNULL = YES;
				CLANG_ANALYZER_NUMBER_OBJECT_CONVERSION = YES_AGGRESSIVE;
				CLANG_CXX_LANGUAGE_STANDARD = "gnu++14";
				CLANG_CXX_LIBRARY = "libc++";
				CLANG_ENABLE_MODULES = YES;
				CLANG_ENABLE_OBJC_ARC = YES;
				CLANG_ENABLE_OBJC_WEAK = YES;
				CLANG_WARN_BLOCK_CAPTURE_AUTORELEASING = YES;
				CLANG_WARN_BOOL_CONVERSION = YES;
				CLANG_WARN_COMMA = YES;
				CLANG_WARN_CONSTANT_CONVERSION = YES;
				CLANG_WARN_DEPRECATED_OBJC_IMPLEMENTATIONS = YES;
				CLANG_WARN_DIRECT_OBJC_ISA_USAGE = YES_ERROR;
				CLANG_WARN_DOCUMENTATION_COMMENTS = YES;
				CLANG_WARN_EMPTY_BODY = YES;
				CLANG_WARN_ENUM_CONVERSION = YES;
				CLANG_WARN_INFINITE_RECURSION = YES;
				CLANG_WARN_INT_CONVERSION = YES;
				CLANG_WARN_NON_LITERAL_NULL_CONVERSION = YES;
				CLANG_WARN_OBJC_IMPLICIT_RETAIN_SELF = YES;
				CLANG_WARN_OBJC_LITERAL_CONVERSION = YES;
				CLANG_WARN_OBJC_ROOT_CLASS = YES_ERROR;
				CLANG_WARN_RANGE_LOOP_ANALYSIS = YES;
				CLANG_WARN_STRICT_PROTOTYPES = YES;
				CLANG_WARN_SUSPICIOUS_MOVE = YES;
				CLANG_WARN_UNGUARDED_AVAILABILITY = YES_AGGRESSIVE;
				CLANG_WARN_UNREACHABLE_CODE = YES;
				CLANG_WARN__DUPLICATE_METHOD_MATCH = YES;
				COPY_PHASE_STRIP = NO;
				DEBUG_INFORMATION_FORMAT = "dwarf-with-dsym";
				ENABLE_NS_ASSERTIONS = NO;
				ENABLE_STRICT_OBJC_MSGSEND = YES;
				GCC_C_LANGUAGE_STANDARD = gnu11;
				GCC_NO_COMMON_BLOCKS = YES;
				GCC_WARN_64_TO_32_BIT_CONVERSION = YES;
				GCC_WARN_ABOUT_RETURN_TYPE = YES_ERROR;
				GCC_WARN_UNDECLARED_SELECTOR = YES;
				GCC_WARN_UNINITIALIZED_AUTOS = YES_AGGRESSIVE;
				GCC_WARN_UNUSED_FUNCTION = YES;
				GCC_WARN_UNUSED_VARIABLE = YES;
				IPHONEOS_DEPLOYMENT_TARGET = 13.6;
				MTL_ENABLE_DEBUG_INFO = NO;
				MTL_FAST_MATH = YES;
				SDKROOT = iphoneos;
				SWIFT_COMPILATION_MODE = wholemodule;
				SWIFT_OPTIMIZATION_LEVEL = "-O";
				VALIDATE_PRODUCT = YES;
			};
			name = Release;
		};
		3636388624E2CBD600F6B267 /* Debug */ = {
			isa = XCBuildConfiguration;
			buildSettings = {
				ASSETCATALOG_COMPILER_APPICON_NAME = AppIcon;
				CODE_SIGN_IDENTITY = "Apple Development";
				CODE_SIGN_STYLE = Automatic;
				CURRENT_PROJECT_VERSION = 2;
				DEVELOPMENT_TEAM = PF8SSD5DBD;
				INFOPLIST_FILE = Five25Strategy/Info.plist;
				LD_RUNPATH_SEARCH_PATHS = (
					"$(inherited)",
					"@executable_path/Frameworks",
				);
				PRODUCT_BUNDLE_IDENTIFIER = SM.Five25Strategy;
				PRODUCT_NAME = Five25Strategy;
				PROVISIONING_PROFILE_SPECIFIER = "";
				SWIFT_VERSION = 5.0;
				TARGETED_DEVICE_FAMILY = 1;
			};
			name = Debug;
		};
		3636388724E2CBD600F6B267 /* Release */ = {
			isa = XCBuildConfiguration;
			buildSettings = {
				ASSETCATALOG_COMPILER_APPICON_NAME = AppIcon;
				CODE_SIGN_IDENTITY = "Apple Development";
				CODE_SIGN_STYLE = Automatic;
				CURRENT_PROJECT_VERSION = 2;
				DEVELOPMENT_TEAM = PF8SSD5DBD;
				INFOPLIST_FILE = Five25Strategy/Info.plist;
				LD_RUNPATH_SEARCH_PATHS = (
					"$(inherited)",
					"@executable_path/Frameworks",
				);
				PRODUCT_BUNDLE_IDENTIFIER = SM.Five25Strategy;
				PRODUCT_NAME = Five25Strategy;
				PROVISIONING_PROFILE_SPECIFIER = "";
				SWIFT_VERSION = 5.0;
				TARGETED_DEVICE_FAMILY = 1;
			};
			name = Release;
		};
/* End XCBuildConfiguration section */

/* Begin XCConfigurationList section */
		3636386924E2CBD500F6B267 /* Build configuration list for PBXProject "Five25Strategy" */ = {
			isa = XCConfigurationList;
			buildConfigurations = (
				3636388324E2CBD600F6B267 /* Debug */,
				3636388424E2CBD600F6B267 /* Release */,
			);
			defaultConfigurationIsVisible = 0;
			defaultConfigurationName = Release;
		};
		3636388524E2CBD600F6B267 /* Build configuration list for PBXNativeTarget "Five25Strategy" */ = {
			isa = XCConfigurationList;
			buildConfigurations = (
				3636388624E2CBD600F6B267 /* Debug */,
				3636388724E2CBD600F6B267 /* Release */,
			);
			defaultConfigurationIsVisible = 0;
			defaultConfigurationName = Release;
		};
/* End XCConfigurationList section */

/* Begin XCVersionGroup section */
		3636387A24E2CBD500F6B267 /* Five25Strategy.xcdatamodeld */ = {
			isa = XCVersionGroup;
			children = (
				3636387B24E2CBD500F6B267 /* FiveTwoFiveRule.xcdatamodel */,
			);
			currentVersion = 3636387B24E2CBD500F6B267 /* FiveTwoFiveRule.xcdatamodel */;
			path = Five25Strategy.xcdatamodeld;
			sourceTree = "<group>";
			versionGroupType = wrapper.xcdatamodel;
		};
/* End XCVersionGroup section */
	};
	rootObject = 3636386624E2CBD500F6B267 /* Project object */;
}
